
Microsoft Visual Studio Solution File, Format Version 12.00
# Visual Studio Version 17
VisualStudioVersion = 17.0.31919.166
MinimumVisualStudioVersion = 10.0.40219.1
Project("{FAE04EC0-301F-11D3-BF4B-00C04F79EFBC}") = "WebAPI", "WebAPI\WebAPI.csproj", "{3E21DFE2-4491-4B81-8E08-2BB7C61135E1}"
EndProject
Global
	GlobalSection(SolutionConfigurationPlatforms) = preSolution
		Debug|Any CPU = Debug|Any CPU
		Release|Any CPU = Release|Any CPU
	EndGlobalSection
	GlobalSection(ProjectConfigurationPlatforms) = postSolution
		{3E21DFE2-4491-4B81-8E08-2BB7C61135E1}.Debug|Any CPU.ActiveCfg = Debug|Any CPU
		{3E21DFE2-4491-4B81-8E08-2BB7C61135E1}.Debug|Any CPU.Build.0 = Debug|Any CPU
		{3E21DFE2-4491-4B81-8E08-2BB7C61135E1}.Release|Any CPU.ActiveCfg = Release|Any CPU
		{3E21DFE2-4491-4B81-8E08-2BB7C61135E1}.Release|Any CPU.Build.0 = Release|Any CPU
	EndGlobalSection
	GlobalSection(SolutionProperties) = preSolution
		HideSolutionNode = FALSE
	EndGlobalSection
	GlobalSection(ExtensibilityGlobals) = postSolution
		SolutionGuid = {A4599672-4208-4C73-8CA2-B7D56BA3FE02}
	EndGlobalSection
EndGlobal
